{
  "name": "effects",
  "version": "1.0.0",
  "lockfileVersion": 1,
  "requires": true,
  "dependencies": {
    "h-state": {
      "version": "git+https://github.com/MotorHeat/h-state.git#a11c77c40561e12e85dde07bb709df486ba8b5ee",
      "from": "git+https://github.com/MotorHeat/h-state.git",
      "requires": {
        "superfine": "^8.0.10"
      }
    },
    "superfine": {
      "version": "8.0.10",
      "resolved": "https://registry.npmjs.org/superfine/-/superfine-8.0.10.tgz",
      "integrity": "sha512-Z4CvPf5+KLMtEoT7hnFz3u8mEEUO6OM3xihF8lhyAgcOoeeX7jxXov0FWIMP/sMN2odoofzdSUFRm/DdL9InZQ=="
    }
  }
}
